// !$*UTF8*$!
{
	archiveVersion = 1;
	classes = {
	};
	objectVersion = 46;
	objects = {

/* Begin PBXBuildFile section */
		13B070EB19A495C200C39DE7 /* main.m in Sources */ = {isa = PBXBuildFile; fileRef = 13B070EA19A495C200C39DE7 /* main.m */; };
		13B070EE19A495C200C39DE7 /* AppDelegate.m in Sources */ = {isa = PBXBuildFile; fileRef = 13B070ED19A495C200C39DE7 /* AppDelegate.m */; };
		13B070F119A495C200C39DE7 /* ViewController.m in Sources */ = {isa = PBXBuildFile; fileRef = 13B070F019A495C200C39DE7 /* ViewController.m */; };
		13B070F419A495C200C39DE7 /* Main.storyboard in Resources */ = {isa = PBXBuildFile; fileRef = 13B070F219A495C200C39DE7 /* Main.storyboard */; };
		13B070F619A495C200C39DE7 /* Images.xcassets in Resources */ = {isa = PBXBuildFile; fileRef = 13B070F519A495C200C39DE7 /* Images.xcassets */; };
		13B0710219A495C200C39DE7 /* ViewMovingTextTests.m in Sources */ = {isa = PBXBuildFile; fileRef = 13B0710119A495C200C39DE7 /* ViewMovingTextTests.m */; };
		13B0710D19A49A5F00C39DE7 /* FrameView.m in Sources */ = {isa = PBXBuildFile; fileRef = 13B0710C19A49A5F00C39DE7 /* FrameView.m */; };
		13B0710F19A49F8800C39DE7 /* background.jpg in Resources */ = {isa = PBXBuildFile; fileRef = 13B0710E19A49F8800C39DE7 /* background.jpg */; };
/* End PBXBuildFile section */

/* Begin PBXContainerItemProxy section */
		13B070FC19A495C200C39DE7 /* PBXContainerItemProxy */ = {
			isa = PBXContainerItemProxy;
			containerPortal = 13B070DD19A495C200C39DE7 /* Project object */;
			proxyType = 1;
			remoteGlobalIDString = 13B070E419A495C200C39DE7;
			remoteInfo = ViewMovingText;
		};
/* End PBXContainerItemProxy section */

/* Begin PBXFileReference section */
		13B070E519A495C200C39DE7 /* ViewMovingText.app */ = {isa = PBXFileReference; explicitFileType = wrapper.application; includeInIndex = 0; path = ViewMovingText.app; sourceTree = BUILT_PRODUCTS_DIR; };
		13B070E919A495C200C39DE7 /* Info.plist */ = {isa = PBXFileReference; lastKnownFileType = text.plist.xml; path = Info.plist; sourceTree = "<group>"; };
		13B070EA19A495C200C39DE7 /* main.m */ = {isa = PBXFileReference; lastKnownFileType = sourcecode.c.objc; path = main.m; sourceTree = "<group>"; };
		13B070EC19A495C200C39DE7 /* AppDelegate.h */ = {isa = PBXFileReference; lastKnownFileType = sourcecode.c.h; path = AppDelegate.h; sourceTree = "<group>"; };
		13B070ED19A495C200C39DE7 /* AppDelegate.m */ = {isa = PBXFileReference; lastKnownFileType = sourcecode.c.objc; path = AppDelegate.m; sourceTree = "<group>"; };
		13B070EF19A495C200C39DE7 /* ViewController.h */ = {isa = PBXFileReference; lastKnownFileType = sourcecode.c.h; path = ViewController.h; sourceTree = "<group>"; };
		13B070F019A495C200C39DE7 /* ViewController.m */ = {isa = PBXFileReference; lastKnownFileType = sourcecode.c.objc; path = ViewController.m; sourceTree = "<group>"; };
		13B070F319A495C200C39DE7 /* Base */ = {isa = PBXFileReference; lastKnownFileType = file.storyboard; name = Base; path = Base.lproj/Main.storyboard; sourceTree = "<group>"; };
		13B070F519A495C200C39DE7 /* Images.xcassets */ = {isa = PBXFileReference; lastKnownFileType = folder.assetcatalog; path = Images.xcassets; sourceTree = "<group>"; };
		13B070FB19A495C200C39DE7 /* ViewMovingTextTests.xctest */ = {isa = PBXFileReference; explicitFileType = wrapper.cfbundle; includeInIndex = 0; path = ViewMovingTextTests.xctest; sourceTree = BUILT_PRODUCTS_DIR; };
		13B0710019A495C200C39DE7 /* Info.plist */ = {isa = PBXFileReference; lastKnownFileType = text.plist.xml; path = Info.plist; sourceTree = "<group>"; };
		13B0710119A495C200C39DE7 /* ViewMovingTextTests.m */ = {isa = PBXFileReference; lastKnownFileType = sourcecode.c.objc; path = ViewMovingTextTests.m; sourceTree = "<group>"; };
		13B0710B19A49A5F00C39DE7 /* FrameView.h */ = {isa = PBXFileReference; fileEncoding = 4; lastKnownFileType = sourcecode.c.h; path = FrameView.h; sourceTree = "<group>"; };
		13B0710C19A49A5F00C39DE7 /* FrameView.m */ = {isa = PBXFileReference; fileEncoding = 4; lastKnownFileType = sourcecode.c.objc; path = FrameView.m; sourceTree = "<group>"; };
		13B0710E19A49F8800C39DE7 /* background.jpg */ = {isa = PBXFileReference; lastKnownFileType = image.jpeg; path = background.jpg; sourceTree = "<group>"; };
/* End PBXFileReference section */

/* Begin PBXFrameworksBuildPhase section */
		13B070E219A495C200C39DE7 /* Frameworks */ = {
			isa = PBXFrameworksBuildPhase;
			buildActionMask = 2147483647;
			files = (
			);
			runOnlyForDeploymentPostprocessing = 0;
		};
		13B070F819A495C200C39DE7 /* Frameworks */ = {
			isa = PBXFrameworksBuildPhase;
			buildActionMask = 2147483647;
			files = (
			);
			runOnlyForDeploymentPostprocessing = 0;
		};
/* End PBXFrameworksBuildPhase section */

/* Begin PBXGroup section */
		13B070DC19A495C200C39DE7 = {
			isa = PBXGroup;
			children = (
				13B070E719A495C200C39DE7 /* ViewMovingText */,
				13B070FE19A495C200C39DE7 /* ViewMovingTextTests */,
				13B070E619A495C200C39DE7 /* Products */,
			);
			sourceTree = "<group>";
		};
		13B070E619A495C200C39DE7 /* Products */ = {
			isa = PBXGroup;
			children = (
				13B070E519A495C200C39DE7 /* ViewMovingText.app */,
				13B070FB19A495C200C39DE7 /* ViewMovingTextTests.xctest */,
			);
			name = Products;
			sourceTree = "<group>";
		};
		13B070E719A495C200C39DE7 /* ViewMovingText */ = {
			isa = PBXGroup;
			children = (
				13B070EC19A495C200C39DE7 /* AppDelegate.h */,
				13B070ED19A495C200C39DE7 /* AppDelegate.m */,
				13B070EF19A495C200C39DE7 /* ViewController.h */,
				13B070F019A495C200C39DE7 /* ViewController.m */,
				13B070F219A495C200C39DE7 /* Main.storyboard */,
				13B0710B19A49A5F00C39DE7 /* FrameView.h */,
				13B0710C19A49A5F00C39DE7 /* FrameView.m */,
				13B0710E19A49F8800C39DE7 /* background.jpg */,
				13B070F519A495C200C39DE7 /* Images.xcassets */,
				13B070E819A495C200C39DE7 /* Supporting Files */,
			);
			path = ViewMovingText;
			sourceTree = "<group>";
		};
		13B070E819A495C200C39DE7 /* Supporting Files */ = {
			isa = PBXGroup;
			children = (
				13B070E919A495C200C39DE7 /* Info.plist */,
				13B070EA19A495C200C39DE7 /* main.m */,
			);
			name = "Supporting Files";
			sourceTree = "<group>";
		};
		13B070FE19A495C200C39DE7 /* ViewMovingTextTests */ = {
			isa = PBXGroup;
			children = (
				13B0710119A495C200C39DE7 /* ViewMovingTextTests.m */,
				13B070FF19A495C200C39DE7 /* Supporting Files */,
			);
			path = ViewMovingTextTests;
			sourceTree = "<group>";
		};
		13B070FF19A495C200C39DE7 /* Supporting Files */ = {
			isa = PBXGroup;
			children = (
				13B0710019A495C200C39DE7 /* Info.plist */,
			);
			name = "Supporting Files";
			sourceTree = "<group>";
		};
/* End PBXGroup section */

/* Begin PBXNativeTarget section */
		13B070E419A495C200C39DE7 /* ViewMovingText */ = {
			isa = PBXNativeTarget;
			buildConfigurationList = 13B0710519A495C200C39DE7 /* Build configuration list for PBXNativeTarget "ViewMovingText" */;
			buildPhases = (
				13B070E119A495C200C39DE7 /* Sources */,
				13B070E219A495C200C39DE7 /* Frameworks */,
				13B070E319A495C200C39DE7 /* Resources */,
			);
			buildRules = (
			);
			dependencies = (
			);
			name = ViewMovingText;
			productName = ViewMovingText;
			productReference = 13B070E519A495C200C39DE7 /* ViewMovingText.app */;
			productType = "com.apple.product-type.application";
		};
		13B070FA19A495C200C39DE7 /* ViewMovingTextTests */ = {
			isa = PBXNativeTarget;
			buildConfigurationList = 13B0710819A495C200C39DE7 /* Build configuration list for PBXNativeTarget "ViewMovingTextTests" */;
			buildPhases = (
				13B070F719A495C200C39DE7 /* Sources */,
				13B070F819A495C200C39DE7 /* Frameworks */,
				13B070F919A495C200C39DE7 /* Resources */,
			);
			buildRules = (
			);
			dependencies = (
				13B070FD19A495C200C39DE7 /* PBXTargetDependency */,
			);
			name = ViewMovingTextTests;
			productName = ViewMovingTextTests;
			productReference = 13B070FB19A495C200C39DE7 /* ViewMovingTextTests.xctest */;
			productType = "com.apple.product-type.bundle.unit-test";
		};
/* End PBXNativeTarget section */

/* Begin PBXProject section */
		13B070DD19A495C200C39DE7 /* Project object */ = {
			isa = PBXProject;
			attributes = {
				LastUpgradeCheck = 0600;
				ORGANIZATIONNAME = "Andrew Romanov";
				TargetAttributes = {
					13B070E419A495C200C39DE7 = {
						CreatedOnToolsVersion = 6.0;
					};
					13B070FA19A495C200C39DE7 = {
						CreatedOnToolsVersion = 6.0;
						TestTargetID = 13B070E419A495C200C39DE7;
					};
				};
			};
			buildConfigurationList = 13B070E019A495C200C39DE7 /* Build configuration list for PBXProject "ViewMovingText" */;
			compatibilityVersion = "Xcode 3.2";
			developmentRegion = English;
			hasScannedForEncodings = 0;
			knownRegions = (
				en,
				Base,
			);
			mainGroup = 13B070DC19A495C200C39DE7;
			productRefGroup = 13B070E619A495C200C39DE7 /* Products */;
			projectDirPath = "";
			projectRoot = "";
			targets = (
				13B070E419A495C200C39DE7 /* ViewMovingText */,
				13B070FA19A495C200C39DE7 /* ViewMovingTextTests */,
			);
		};
/* End PBXProject section */

/* Begin PBXResourcesBuildPhase section */
		13B070E319A495C200C39DE7 /* Resources */ = {
			isa = PBXResourcesBuildPhase;
			buildActionMask = 2147483647;
			files = (
				13B070F419A495C200C39DE7 /* Main.storyboard in Resources */,
				13B070F619A495C200C39DE7 /* Images.xcassets in Resources */,
				13B0710F19A49F8800C39DE7 /* background.jpg in Resources */,
			);
			runOnlyForDeploymentPostprocessing = 0;
		};
		13B070F919A495C200C39DE7 /* Resources */ = {
			isa = PBXResourcesBuildPhase;
			buildActionMask = 2147483647;
			files = (
			);
			runOnlyForDeploymentPostprocessing = 0;
		};
/* End PBXResourcesBuildPhase section */

/* Begin PBXSourcesBuildPhase section */
		13B070E119A495C200C39DE7 /* Sources */ = {
			isa = PBXSourcesBuildPhase;
			buildActionMask = 2147483647;
			files = (
				13B0710D19A49A5F00C39DE7 /* FrameView.m in Sources */,
				13B070F119A495C200C39DE7 /* ViewController.m in Sources */,
				13B070EE19A495C200C39DE7 /* AppDelegate.m in Sources */,
				13B070EB19A495C200C39DE7 /* main.m in Sources */,
			);
			runOnlyForDeploymentPostprocessing = 0;
		};
		13B070F719A495C200C39DE7 /* Sources */ = {
			isa = PBXSourcesBuildPhase;
			buildActionMask = 2147483647;
			files = (
				13B0710219A495C200C39DE7 /* ViewMovingTextTests.m in Sources */,
			);
			runOnlyForDeploymentPostprocessing = 0;
		};
/* End PBXSourcesBuildPhase section */

/* Begin PBXTargetDependency section */
		13B070FD19A495C200C39DE7 /* PBXTargetDependency */ = {
			isa = PBXTargetDependency;
			target = 13B070E419A495C200C39DE7 /* ViewMovingText */;
			targetProxy = 13B070FC19A495C200C39DE7 /* PBXContainerItemProxy */;
		};
/* End PBXTargetDependency section */

/* Begin PBXVariantGroup section */
		13B070F219A495C200C39DE7 /* Main.storyboard */ = {
			isa = PBXVariantGroup;
			children = (
				13B070F319A495C200C39DE7 /* Base */,
			);
			name = Main.storyboard;
			sourceTree = "<group>";
		};
/* End PBXVariantGroup section */

/* Begin XCBuildConfiguration section */
		13B0710319A495C200C39DE7 /* Debug */ = {
			isa = XCBuildConfiguration;
			buildSettings = {
				ALWAYS_SEARCH_USER_PATHS = NO;
				CLANG_CXX_LANGUAGE_STANDARD = "gnu++0x";
				CLANG_CXX_LIBRARY = "libc++";
				CLANG_ENABLE_MODULES = YES;
				CLANG_ENABLE_OBJC_ARC = YES;
				CLANG_WARN_BOOL_CONVERSION = YES;
				CLANG_WARN_CONSTANT_CONVERSION = YES;
				CLANG_WARN_DIRECT_OBJC_ISA_USAGE = YES_ERROR;
				CLANG_WARN_EMPTY_BODY = YES;
				CLANG_WARN_ENUM_CONVERSION = YES;
				CLANG_WARN_INT_CONVERSION = YES;
				CLANG_WARN_OBJC_ROOT_CLASS = YES_ERROR;
				CLANG_WARN_UNREACHABLE_CODE = YES;
				CLANG_WARN__DUPLICATE_METHOD_MATCH = YES;
				"CODE_SIGN_IDENTITY[sdk=iphoneos*]" = "iPhone Developer";
				COPY_PHASE_STRIP = NO;
				ENABLE_STRICT_OBJC_MSGSEND = YES;
				GCC_C_LANGUAGE_STANDARD = gnu99;
				GCC_DYNAMIC_NO_PIC = NO;
				GCC_OPTIMIZATION_LEVEL = 0;
				GCC_PREPROCESSOR_DEFINITIONS = (
					"DEBUG=1",
					"$(inherited)",
				);
				GCC_SYMBOLS_PRIVATE_EXTERN = NO;
				GCC_WARN_64_TO_32_BIT_CONVERSION = YES;
				GCC_WARN_ABOUT_RETURN_TYPE = YES_ERROR;
				GCC_WARN_UNDECLARED_SELECTOR = YES;
				GCC_WARN_UNINITIALIZED_AUTOS = YES_AGGRESSIVE;
				GCC_WARN_UNUSED_FUNCTION = YES;
				GCC_WARN_UNUSED_VARIABLE = YES;
				IPHONEOS_DEPLOYMENT_TARGET = 8.0;
				MTL_ENABLE_DEBUG_INFO = YES;
				ONLY_ACTIVE_ARCH = YES;
				SDKROOT = iphoneos;
				TARGETED_DEVICE_FAMILY = "1,2";
			};
			name = Debug;
		};
		13B0710419A495C200C39DE7 /* Release */ = {
			isa = XCBuildConfiguration;
			buildSettings = {
				ALWAYS_SEARCH_USER_PATHS = NO;
				CLANG_CXX_LANGUAGE_STANDARD = "gnu++0x";
				CLANG_CXX_LIBRARY = "libc++";
				CLANG_ENABLE_MODULES = YES;
				CLANG_ENABLE_OBJC_ARC = YES;
				CLANG_WARN_BOOL_CONVERSION = YES;
				CLANG_WARN_CONSTANT_CONVERSION = YES;
				CLANG_WARN_DIRECT_OBJC_ISA_USAGE = YES_ERROR;
				CLANG_WARN_EMPTY_BODY = YES;
				CLANG_WARN_ENUM_CONVERSION = YES;
				CLANG_WARN_INT_CONVERSION = YES;
				CLANG_WARN_OBJC_ROOT_CLASS = YES_ERROR;
				CLANG_WARN_UNREACHABLE_CODE = YES;
				CLANG_WARN__DUPLICATE_METHOD_MATCH = YES;
				"CODE_SIGN_IDENTITY[sdk=iphoneos*]" = "iPhone Developer";
				COPY_PHASE_STRIP = YES;
				ENABLE_NS_ASSERTIONS = NO;
				ENABLE_STRICT_OBJC_MSGSEND = YES;
				GCC_C_LANGUAGE_STANDARD = gnu99;
				GCC_WARN_64_TO_32_BIT_CONVERSION = YES;
				GCC_WARN_ABOUT_RETURN_TYPE = YES_ERROR;
				GCC_WARN_UNDECLARED_SELECTOR = YES;
				GCC_WARN_UNINITIALIZED_AUTOS = YES_AGGRESSIVE;
				GCC_WARN_UNUSED_FUNCTION = YES;
				GCC_WARN_UNUSED_VARIABLE = YES;
				IPHONEOS_DEPLOYMENT_TARGET = 8.0;
				MTL_ENABLE_DEBUG_INFO = NO;
				SDKROOT = iphoneos;
				TARGETED_DEVICE_FAMILY = "1,2";
				VALIDATE_PRODUCT = YES;
			};
			name = Release;
		};
		13B0710619A495C200C39DE7 /* Debug */ = {
			isa = XCBuildConfiguration;
			buildSettings = {
				ASSETCATALOG_COMPILER_APPICON_NAME = AppIcon;
				ASSETCATALOG_COMPILER_LAUNCHIMAGE_NAME = LaunchImage;
				INFOPLIST_FILE = ViewMovingText/Info.plist;
				LD_RUNPATH_SEARCH_PATHS = "$(inherited) @executable_path/Frameworks";
				PRODUCT_NAME = "$(TARGET_NAME)";
			};
			name = Debug;
		};
		13B0710719A495C200C39DE7 /* Release */ = {
			isa = XCBuildConfiguration;
			buildSettings = {
				ASSETCATALOG_COMPILER_APPICON_NAME = AppIcon;
				ASSETCATALOG_COMPILER_LAUNCHIMAGE_NAME = LaunchImage;
				INFOPLIST_FILE = ViewMovingText/Info.plist;
				LD_RUNPATH_SEARCH_PATHS = "$(inherited) @executable_path/Frameworks";
				PRODUCT_NAME = "$(TARGET_NAME)";
			};
			name = Release;
		};
		13B0710919A495C200C39DE7 /* Debug */ = {
			isa = XCBuildConfiguration;
			buildSettings = {
				BUNDLE_LOADER = "$(TEST_HOST)";
				FRAMEWORK_SEARCH_PATHS = (
					"$(SDKROOT)/Developer/Library/Frameworks",
					"$(inherited)",
				);
				GCC_PREPROCESSOR_DEFINITIONS = (
					"DEBUG=1",
					"$(inherited)",
				);
				INFOPLIST_FILE = ViewMovingTextTests/Info.plist;
				LD_RUNPATH_SEARCH_PATHS = "$(inherited) @executable_path/Frameworks @loader_path/Frameworks";
				PRODUCT_NAME = "$(TARGET_NAME)";
				TEST_HOST = "$(BUILT_PRODUCTS_DIR)/ViewMovingText.app/ViewMovingText";
			};
			name = Debug;
		};
		13B0710A19A495C200C39DE7 /* Release */ = {
			isa = XCBuildConfiguration;
			buildSettings = {
				BUNDLE_LOADER = "$(TEST_HOST)";
				FRAMEWORK_SEARCH_PATHS = (
					"$(SDKROOT)/Developer/Library/Frameworks",
					"$(inherited)",
				);
				INFOPLIST_FILE = ViewMovingTextTests/Info.plist;
				LD_RUNPATH_SEARCH_PATHS = "$(inherited) @executable_path/Frameworks @loader_path/Frameworks";
				PRODUCT_NAME = "$(TARGET_NAME)";
				TEST_HOST = "$(BUILT_PRODUCTS_DIR)/ViewMovingText.app/ViewMovingText";
			};
			name = Release;
		};
/* End XCBuildConfiguration section */

/* Begin XCConfigurationList section */
		13B070E019A495C200C39DE7 /* Build configuration list for PBXProject "ViewMovingText" */ = {
			isa = XCConfigurationList;
			buildConfigurations = (
				13B0710319A495C200C39DE7 /* Debug */,
				13B0710419A495C200C39DE7 /* Release */,
			);
			defaultConfigurationIsVisible = 0;
			defaultConfigurationName = Release;
		};
		13B0710519A495C200C39DE7 /* Build configuration list for PBXNativeTarget "ViewMovingText" */ = {
			isa = XCConfigurationList;
			buildConfigurations = (
				13B0710619A495C200C39DE7 /* Debug */,
				13B0710719A495C200C39DE7 /* Release */,
			);
			defaultConfigurationIsVisible = 0;
		};
		13B0710819A495C200C39DE7 /* Build configuration list for PBXNativeTarget "ViewMovingTextTests" */ = {
			isa = XCConfigurationList;
			buildConfigurations = (
				13B0710919A495C200C39DE7 /* Debug */,
				13B0710A19A495C200C39DE7 /* Release */,
			);
			defaultConfigurationIsVisible = 0;
		};
/* End XCConfigurationList section */
	};
	rootObject = 13B070DD19A495C200C39DE7 /* Project object */;
}
